{
  "name": "really-large-apps",
  "version": "1.0.0",
  "lockfileVersion": 3,
  "requires": true,
  "packages": {
    "": {
      "name": "really-large-apps",
      "version": "1.0.0",
      "license": "ISC",
      "dependencies": {
        "colors": "file:../Colors"
      }
    },
    "../Colors": {
      "version": "1.0.0",
      "license": "ISC"
    },
    "node_modules/colors": {
      "resolved": "../Colors",
      "link": true
    }
  }
}
